
Microsoft Visual Studio Solution File, Format Version 12.00
# Visual Studio 15
VisualStudioVersion = 15.0.27004.2009
MinimumVisualStudioVersion = 10.0.40219.1
Project("{2150E333-8FDC-42A3-9474-1A3956D46DE8}") = "SB ex", "SB ex", "{717C54A4-D615-409F-ABC8-974B73B5A5D8}"
EndProject
Project("{FAE04EC0-301F-11D3-BF4B-00C04F79EFBC}") = "_demo", "_demo\_demo.csproj", "{FA4958D8-0669-4700-BB62-0AD4A092D05E}"
EndProject
Project("{FAE04EC0-301F-11D3-BF4B-00C04F79EFBC}") = "1_Commands", "1_Commands\1_Commands.csproj", "{89D99C4E-B6E3-4E2B-ABDF-22DABC407CCE}"
EndProject
Project("{FAE04EC0-301F-11D3-BF4B-00C04F79EFBC}") = "2_SheIsNotTheOne", "2_SheIsNotTheOne\2_SheIsNotTheOne.csproj", "{548BC3BF-7930-4610-9A08-4D8312E37E73}"
EndProject
Project("{2150E333-8FDC-42A3-9474-1A3956D46DE8}") = "DICTIONARIES", "DICTIONARIES", "{FF235D5A-3286-45B2-954D-F06F543C33CB}"
EndProject
Project("{FAE04EC0-301F-11D3-BF4B-00C04F79EFBC}") = "__demo", "__demo\__demo.csproj", "{664C479D-68D3-41FE-B4AE-2C204403B4A2}"
EndProject
Project("{FAE04EC0-301F-11D3-BF4B-00C04F79EFBC}") = "1_OddMeetedWords", "1_OddMeetedWords\1_OddMeetedWords.csproj", "{7ED0DEE1-EC2F-4DBE-B579-38F2E2B50E40}"
EndProject
Project("{FAE04EC0-301F-11D3-BF4B-00C04F79EFBC}") = "2_Phone", "2_Phone\2_Phone.csproj", "{E362B941-5B55-4FC5-ACE7-1F515D53160B}"
EndProject
Project("{FAE04EC0-301F-11D3-BF4B-00C04F79EFBC}") = "3_Mine", "3_Mine\3_Mine.csproj", "{BB56A34B-8CE1-40DC-95A1-AA4B533B976A}"
EndProject
Project("{FAE04EC0-301F-11D3-BF4B-00C04F79EFBC}") = "4_Supermarket", "4_Supermarket\4_Supermarket.csproj", "{A1D1FA7F-E91A-4B8C-AEF7-B9B0249AD056}"
EndProject
Project("{2150E333-8FDC-42A3-9474-1A3956D46DE8}") = "StarWars Exam", "StarWars Exam", "{F6C543CC-F6AF-495B-A1D1-945EF7AD2893}"
EndProject
Project("{FAE04EC0-301F-11D3-BF4B-00C04F79EFBC}") = "1_PadwanEquipment", "1_PadwanEquipment\1_PadwanEquipment.csproj", "{1B729E33-BFDC-4403-8D69-D7636B221DB0}"
EndProject
Project("{FAE04EC0-301F-11D3-BF4B-00C04F79EFBC}") = "2_KaminoFactory", "2_KaminoFactory\2_KaminoFactory.csproj", "{69164136-C243-4D9F-80A4-86830C2F0B84}"
EndProject
Project("{FAE04EC0-301F-11D3-BF4B-00C04F79EFBC}") = "3_StarEnigma", "3_StarEnigma\3_StarEnigma.csproj", "{6605906E-8AC3-41B3-97FF-2B2A0A1B371E}"
EndProject
Project("{FAE04EC0-301F-11D3-BF4B-00C04F79EFBC}") = "4_ForceBook", "4_ForceBook\4_ForceBook.csproj", "{CAB4BC92-ACAD-4371-B21B-6B0B3CC50C82}"
EndProject
Global
	GlobalSection(SolutionConfigurationPlatforms) = preSolution
		Debug|Any CPU = Debug|Any CPU
		Release|Any CPU = Release|Any CPU
	EndGlobalSection
	GlobalSection(ProjectConfigurationPlatforms) = postSolution
		{FA4958D8-0669-4700-BB62-0AD4A092D05E}.Debug|Any CPU.ActiveCfg = Debug|Any CPU
		{FA4958D8-0669-4700-BB62-0AD4A092D05E}.Debug|Any CPU.Build.0 = Debug|Any CPU
		{FA4958D8-0669-4700-BB62-0AD4A092D05E}.Release|Any CPU.ActiveCfg = Release|Any CPU
		{FA4958D8-0669-4700-BB62-0AD4A092D05E}.Release|Any CPU.Build.0 = Release|Any CPU
		{89D99C4E-B6E3-4E2B-ABDF-22DABC407CCE}.Debug|Any CPU.ActiveCfg = Debug|Any CPU
		{89D99C4E-B6E3-4E2B-ABDF-22DABC407CCE}.Debug|Any CPU.Build.0 = Debug|Any CPU
		{89D99C4E-B6E3-4E2B-ABDF-22DABC407CCE}.Release|Any CPU.ActiveCfg = Release|Any CPU
		{89D99C4E-B6E3-4E2B-ABDF-22DABC407CCE}.Release|Any CPU.Build.0 = Release|Any CPU
		{548BC3BF-7930-4610-9A08-4D8312E37E73}.Debug|Any CPU.ActiveCfg = Debug|Any CPU
		{548BC3BF-7930-4610-9A08-4D8312E37E73}.Debug|Any CPU.Build.0 = Debug|Any CPU
		{548BC3BF-7930-4610-9A08-4D8312E37E73}.Release|Any CPU.ActiveCfg = Release|Any CPU
		{548BC3BF-7930-4610-9A08-4D8312E37E73}.Release|Any CPU.Build.0 = Release|Any CPU
		{664C479D-68D3-41FE-B4AE-2C204403B4A2}.Debug|Any CPU.ActiveCfg = Debug|Any CPU
		{664C479D-68D3-41FE-B4AE-2C204403B4A2}.Debug|Any CPU.Build.0 = Debug|Any CPU
		{664C479D-68D3-41FE-B4AE-2C204403B4A2}.Release|Any CPU.ActiveCfg = Release|Any CPU
		{664C479D-68D3-41FE-B4AE-2C204403B4A2}.Release|Any CPU.Build.0 = Release|Any CPU
		{7ED0DEE1-EC2F-4DBE-B579-38F2E2B50E40}.Debug|Any CPU.ActiveCfg = Debug|Any CPU
		{7ED0DEE1-EC2F-4DBE-B579-38F2E2B50E40}.Debug|Any CPU.Build.0 = Debug|Any CPU
		{7ED0DEE1-EC2F-4DBE-B579-38F2E2B50E40}.Release|Any CPU.ActiveCfg = Release|Any CPU
		{7ED0DEE1-EC2F-4DBE-B579-38F2E2B50E40}.Release|Any CPU.Build.0 = Release|Any CPU
		{E362B941-5B55-4FC5-ACE7-1F515D53160B}.Debug|Any CPU.ActiveCfg = Debug|Any CPU
		{E362B941-5B55-4FC5-ACE7-1F515D53160B}.Debug|Any CPU.Build.0 = Debug|Any CPU
		{E362B941-5B55-4FC5-ACE7-1F515D53160B}.Release|Any CPU.ActiveCfg = Release|Any CPU
		{E362B941-5B55-4FC5-ACE7-1F515D53160B}.Release|Any CPU.Build.0 = Release|Any CPU
		{BB56A34B-8CE1-40DC-95A1-AA4B533B976A}.Debug|Any CPU.ActiveCfg = Debug|Any CPU
		{BB56A34B-8CE1-40DC-95A1-AA4B533B976A}.Debug|Any CPU.Build.0 = Debug|Any CPU
		{BB56A34B-8CE1-40DC-95A1-AA4B533B976A}.Release|Any CPU.ActiveCfg = Release|Any CPU
		{BB56A34B-8CE1-40DC-95A1-AA4B533B976A}.Release|Any CPU.Build.0 = Release|Any CPU
		{A1D1FA7F-E91A-4B8C-AEF7-B9B0249AD056}.Debug|Any CPU.ActiveCfg = Debug|Any CPU
		{A1D1FA7F-E91A-4B8C-AEF7-B9B0249AD056}.Debug|Any CPU.Build.0 = Debug|Any CPU
		{A1D1FA7F-E91A-4B8C-AEF7-B9B0249AD056}.Release|Any CPU.ActiveCfg = Release|Any CPU
		{A1D1FA7F-E91A-4B8C-AEF7-B9B0249AD056}.Release|Any CPU.Build.0 = Release|Any CPU
		{1B729E33-BFDC-4403-8D69-D7636B221DB0}.Debug|Any CPU.ActiveCfg = Debug|Any CPU
		{1B729E33-BFDC-4403-8D69-D7636B221DB0}.Debug|Any CPU.Build.0 = Debug|Any CPU
		{1B729E33-BFDC-4403-8D69-D7636B221DB0}.Release|Any CPU.ActiveCfg = Release|Any CPU
		{1B729E33-BFDC-4403-8D69-D7636B221DB0}.Release|Any CPU.Build.0 = Release|Any CPU
		{69164136-C243-4D9F-80A4-86830C2F0B84}.Debug|Any CPU.ActiveCfg = Debug|Any CPU
		{69164136-C243-4D9F-80A4-86830C2F0B84}.Debug|Any CPU.Build.0 = Debug|Any CPU
		{69164136-C243-4D9F-80A4-86830C2F0B84}.Release|Any CPU.ActiveCfg = Release|Any CPU
		{69164136-C243-4D9F-80A4-86830C2F0B84}.Release|Any CPU.Build.0 = Release|Any CPU
		{6605906E-8AC3-41B3-97FF-2B2A0A1B371E}.Debug|Any CPU.ActiveCfg = Debug|Any CPU
		{6605906E-8AC3-41B3-97FF-2B2A0A1B371E}.Debug|Any CPU.Build.0 = Debug|Any CPU
		{6605906E-8AC3-41B3-97FF-2B2A0A1B371E}.Release|Any CPU.ActiveCfg = Release|Any CPU
		{6605906E-8AC3-41B3-97FF-2B2A0A1B371E}.Release|Any CPU.Build.0 = Release|Any CPU
		{CAB4BC92-ACAD-4371-B21B-6B0B3CC50C82}.Debug|Any CPU.ActiveCfg = Debug|Any CPU
		{CAB4BC92-ACAD-4371-B21B-6B0B3CC50C82}.Debug|Any CPU.Build.0 = Debug|Any CPU
		{CAB4BC92-ACAD-4371-B21B-6B0B3CC50C82}.Release|Any CPU.ActiveCfg = Release|Any CPU
		{CAB4BC92-ACAD-4371-B21B-6B0B3CC50C82}.Release|Any CPU.Build.0 = Release|Any CPU
	EndGlobalSection
	GlobalSection(SolutionProperties) = preSolution
		HideSolutionNode = FALSE
	EndGlobalSection
	GlobalSection(NestedProjects) = preSolution
		{FA4958D8-0669-4700-BB62-0AD4A092D05E} = {717C54A4-D615-409F-ABC8-974B73B5A5D8}
		{89D99C4E-B6E3-4E2B-ABDF-22DABC407CCE} = {717C54A4-D615-409F-ABC8-974B73B5A5D8}
		{548BC3BF-7930-4610-9A08-4D8312E37E73} = {717C54A4-D615-409F-ABC8-974B73B5A5D8}
		{664C479D-68D3-41FE-B4AE-2C204403B4A2} = {FF235D5A-3286-45B2-954D-F06F543C33CB}
		{7ED0DEE1-EC2F-4DBE-B579-38F2E2B50E40} = {FF235D5A-3286-45B2-954D-F06F543C33CB}
		{E362B941-5B55-4FC5-ACE7-1F515D53160B} = {FF235D5A-3286-45B2-954D-F06F543C33CB}
		{BB56A34B-8CE1-40DC-95A1-AA4B533B976A} = {FF235D5A-3286-45B2-954D-F06F543C33CB}
		{A1D1FA7F-E91A-4B8C-AEF7-B9B0249AD056} = {FF235D5A-3286-45B2-954D-F06F543C33CB}
		{1B729E33-BFDC-4403-8D69-D7636B221DB0} = {F6C543CC-F6AF-495B-A1D1-945EF7AD2893}
		{69164136-C243-4D9F-80A4-86830C2F0B84} = {F6C543CC-F6AF-495B-A1D1-945EF7AD2893}
		{6605906E-8AC3-41B3-97FF-2B2A0A1B371E} = {F6C543CC-F6AF-495B-A1D1-945EF7AD2893}
		{CAB4BC92-ACAD-4371-B21B-6B0B3CC50C82} = {F6C543CC-F6AF-495B-A1D1-945EF7AD2893}
	EndGlobalSection
	GlobalSection(ExtensibilityGlobals) = postSolution
		SolutionGuid = {E7382DBB-9D19-4413-A987-287E327050EB}
	EndGlobalSection
EndGlobal
