
Microsoft Visual Studio Solution File, Format Version 12.00
# Visual Studio 15
VisualStudioVersion = 15.0.27004.2009
MinimumVisualStudioVersion = 10.0.40219.1
Project("{FAE04EC0-301F-11D3-BF4B-00C04F79EFBC}") = "_demo", "_demo\_demo.csproj", "{F7CB0F87-FF6D-418E-86E5-858BD3DD7F1F}"
EndProject
Project("{FAE04EC0-301F-11D3-BF4B-00C04F79EFBC}") = "01 _ Row Average", "01 _ Row Average\01 _ Row Average.csproj", "{99431831-322D-4252-8469-BD52A7353AE0}"
EndProject
Global
	GlobalSection(SolutionConfigurationPlatforms) = preSolution
		Debug|Any CPU = Debug|Any CPU
		Release|Any CPU = Release|Any CPU
	EndGlobalSection
	GlobalSection(ProjectConfigurationPlatforms) = postSolution
		{F7CB0F87-FF6D-418E-86E5-858BD3DD7F1F}.Debug|Any CPU.ActiveCfg = Debug|Any CPU
		{F7CB0F87-FF6D-418E-86E5-858BD3DD7F1F}.Debug|Any CPU.Build.0 = Debug|Any CPU
		{F7CB0F87-FF6D-418E-86E5-858BD3DD7F1F}.Release|Any CPU.ActiveCfg = Release|Any CPU
		{F7CB0F87-FF6D-418E-86E5-858BD3DD7F1F}.Release|Any CPU.Build.0 = Release|Any CPU
		{99431831-322D-4252-8469-BD52A7353AE0}.Debug|Any CPU.ActiveCfg = Debug|Any CPU
		{99431831-322D-4252-8469-BD52A7353AE0}.Debug|Any CPU.Build.0 = Debug|Any CPU
		{99431831-322D-4252-8469-BD52A7353AE0}.Release|Any CPU.ActiveCfg = Release|Any CPU
		{99431831-322D-4252-8469-BD52A7353AE0}.Release|Any CPU.Build.0 = Release|Any CPU
	EndGlobalSection
	GlobalSection(SolutionProperties) = preSolution
		HideSolutionNode = FALSE
	EndGlobalSection
	GlobalSection(ExtensibilityGlobals) = postSolution
		SolutionGuid = {DA729ABC-F047-41D6-AFC7-49CED518CB65}
	EndGlobalSection
EndGlobal
