
Microsoft Visual Studio Solution File, Format Version 12.00
# Visual Studio 15
VisualStudioVersion = 15.0.27004.2009
MinimumVisualStudioVersion = 10.0.40219.1
Project("{FAE04EC0-301F-11D3-BF4B-00C04F79EFBC}") = "_sample", "_sample\_sample.csproj", "{AEE5217C-540C-4642-8A23-49B6312B1B54}"
EndProject
Project("{FAE04EC0-301F-11D3-BF4B-00C04F79EFBC}") = "01 _ Edit Massive", "01 _ Edit Massive\01 _ Edit Massive.csproj", "{C118FD0A-8CF2-42C8-BDA9-B84B55A9128A}"
EndProject
Project("{FAE04EC0-301F-11D3-BF4B-00C04F79EFBC}") = "02 _ Sum of Last(k) Numbers", "02 _ Sum of Last(k) Numbers\02 _ Sum of Last(k) Numbers.csproj", "{BD4C624A-ED97-47DF-B2AC-47EC72A3C6A8}"
EndProject
Project("{FAE04EC0-301F-11D3-BF4B-00C04F79EFBC}") = "00 _ Reverse Massive", "00 _ Reverse Massive\00 _ Reverse Massive.csproj", "{8A641428-8A53-4885-B65F-1959A9AE431D}"
EndProject
Project("{FAE04EC0-301F-11D3-BF4B-00C04F79EFBC}") = "03 _ Array of Even Nums", "03 _ Array of Even Nums\03 _ Array of Even Nums.csproj", "{66538B5E-4514-41A4-9F61-4F8201A299E4}"
EndProject
Project("{FAE04EC0-301F-11D3-BF4B-00C04F79EFBC}") = "04 _ List of Min and Max", "04 _ List of Min and Max\04 _ List of Min and Max.csproj", "{6DAC9C06-1E8E-490C-944A-9A1442092D4D}"
EndProject
Project("{FAE04EC0-301F-11D3-BF4B-00C04F79EFBC}") = "05 _ MaxSequenceOfEqualElements", "05 _ MaxSequenceOfEqualElements\05 _ MaxSequenceOfEqualElements.csproj", "{798C0ED6-2580-436F-9496-F6535C5D7E89}"
EndProject
Project("{FAE04EC0-301F-11D3-BF4B-00C04F79EFBC}") = "06 _ Reversed Sum", "06 _ Reversed Sum\06 _ Reversed Sum.csproj", "{D4F821ED-E13D-48BE-A895-ABAE8A09C7EC}"
EndProject
Project("{FAE04EC0-301F-11D3-BF4B-00C04F79EFBC}") = "07 _ Remove Number", "07 _ Remove Number\07 _ Remove Number.csproj", "{1E44B7D1-C159-4247-992C-73884ECA528E}"
EndProject
Project("{FAE04EC0-301F-11D3-BF4B-00C04F79EFBC}") = "08 _ Merge Lists", "08 _ Merge Lists\08 _ Merge Lists.csproj", "{16640647-FC5A-4F96-94BA-6E8B7D38BD84}"
EndProject
Project("{FAE04EC0-301F-11D3-BF4B-00C04F79EFBC}") = "09 _ Bomb", "09 _ Bomb\09 _ Bomb.csproj", "{A1D47611-C6E9-4F94-BF0B-25319AAEDF8F}"
EndProject
Project("{FAE04EC0-301F-11D3-BF4B-00C04F79EFBC}") = "10 _ Square Numbers", "10 _ Square Numbers\10 _ Square Numbers.csproj", "{6DCD9770-B5D4-4826-AFBC-862C2AA1CB5F}"
EndProject
Project("{FAE04EC0-301F-11D3-BF4B-00C04F79EFBC}") = "11 _ Numbers Count", "11 _ Numbers Count\11 _ Numbers Count.csproj", "{AC2D77EC-AAB1-49DA-B30A-F395B91842E7}"
EndProject
Global
	GlobalSection(SolutionConfigurationPlatforms) = preSolution
		Debug|Any CPU = Debug|Any CPU
		Release|Any CPU = Release|Any CPU
	EndGlobalSection
	GlobalSection(ProjectConfigurationPlatforms) = postSolution
		{AEE5217C-540C-4642-8A23-49B6312B1B54}.Debug|Any CPU.ActiveCfg = Debug|Any CPU
		{AEE5217C-540C-4642-8A23-49B6312B1B54}.Debug|Any CPU.Build.0 = Debug|Any CPU
		{AEE5217C-540C-4642-8A23-49B6312B1B54}.Release|Any CPU.ActiveCfg = Release|Any CPU
		{AEE5217C-540C-4642-8A23-49B6312B1B54}.Release|Any CPU.Build.0 = Release|Any CPU
		{C118FD0A-8CF2-42C8-BDA9-B84B55A9128A}.Debug|Any CPU.ActiveCfg = Debug|Any CPU
		{C118FD0A-8CF2-42C8-BDA9-B84B55A9128A}.Debug|Any CPU.Build.0 = Debug|Any CPU
		{C118FD0A-8CF2-42C8-BDA9-B84B55A9128A}.Release|Any CPU.ActiveCfg = Release|Any CPU
		{C118FD0A-8CF2-42C8-BDA9-B84B55A9128A}.Release|Any CPU.Build.0 = Release|Any CPU
		{BD4C624A-ED97-47DF-B2AC-47EC72A3C6A8}.Debug|Any CPU.ActiveCfg = Debug|Any CPU
		{BD4C624A-ED97-47DF-B2AC-47EC72A3C6A8}.Debug|Any CPU.Build.0 = Debug|Any CPU
		{BD4C624A-ED97-47DF-B2AC-47EC72A3C6A8}.Release|Any CPU.ActiveCfg = Release|Any CPU
		{BD4C624A-ED97-47DF-B2AC-47EC72A3C6A8}.Release|Any CPU.Build.0 = Release|Any CPU
		{8A641428-8A53-4885-B65F-1959A9AE431D}.Debug|Any CPU.ActiveCfg = Debug|Any CPU
		{8A641428-8A53-4885-B65F-1959A9AE431D}.Debug|Any CPU.Build.0 = Debug|Any CPU
		{8A641428-8A53-4885-B65F-1959A9AE431D}.Release|Any CPU.ActiveCfg = Release|Any CPU
		{8A641428-8A53-4885-B65F-1959A9AE431D}.Release|Any CPU.Build.0 = Release|Any CPU
		{66538B5E-4514-41A4-9F61-4F8201A299E4}.Debug|Any CPU.ActiveCfg = Debug|Any CPU
		{66538B5E-4514-41A4-9F61-4F8201A299E4}.Debug|Any CPU.Build.0 = Debug|Any CPU
		{66538B5E-4514-41A4-9F61-4F8201A299E4}.Release|Any CPU.ActiveCfg = Release|Any CPU
		{66538B5E-4514-41A4-9F61-4F8201A299E4}.Release|Any CPU.Build.0 = Release|Any CPU
		{6DAC9C06-1E8E-490C-944A-9A1442092D4D}.Debug|Any CPU.ActiveCfg = Debug|Any CPU
		{6DAC9C06-1E8E-490C-944A-9A1442092D4D}.Debug|Any CPU.Build.0 = Debug|Any CPU
		{6DAC9C06-1E8E-490C-944A-9A1442092D4D}.Release|Any CPU.ActiveCfg = Release|Any CPU
		{6DAC9C06-1E8E-490C-944A-9A1442092D4D}.Release|Any CPU.Build.0 = Release|Any CPU
		{798C0ED6-2580-436F-9496-F6535C5D7E89}.Debug|Any CPU.ActiveCfg = Debug|Any CPU
		{798C0ED6-2580-436F-9496-F6535C5D7E89}.Debug|Any CPU.Build.0 = Debug|Any CPU
		{798C0ED6-2580-436F-9496-F6535C5D7E89}.Release|Any CPU.ActiveCfg = Release|Any CPU
		{798C0ED6-2580-436F-9496-F6535C5D7E89}.Release|Any CPU.Build.0 = Release|Any CPU
		{D4F821ED-E13D-48BE-A895-ABAE8A09C7EC}.Debug|Any CPU.ActiveCfg = Debug|Any CPU
		{D4F821ED-E13D-48BE-A895-ABAE8A09C7EC}.Debug|Any CPU.Build.0 = Debug|Any CPU
		{D4F821ED-E13D-48BE-A895-ABAE8A09C7EC}.Release|Any CPU.ActiveCfg = Release|Any CPU
		{D4F821ED-E13D-48BE-A895-ABAE8A09C7EC}.Release|Any CPU.Build.0 = Release|Any CPU
		{1E44B7D1-C159-4247-992C-73884ECA528E}.Debug|Any CPU.ActiveCfg = Debug|Any CPU
		{1E44B7D1-C159-4247-992C-73884ECA528E}.Debug|Any CPU.Build.0 = Debug|Any CPU
		{1E44B7D1-C159-4247-992C-73884ECA528E}.Release|Any CPU.ActiveCfg = Release|Any CPU
		{1E44B7D1-C159-4247-992C-73884ECA528E}.Release|Any CPU.Build.0 = Release|Any CPU
		{16640647-FC5A-4F96-94BA-6E8B7D38BD84}.Debug|Any CPU.ActiveCfg = Debug|Any CPU
		{16640647-FC5A-4F96-94BA-6E8B7D38BD84}.Debug|Any CPU.Build.0 = Debug|Any CPU
		{16640647-FC5A-4F96-94BA-6E8B7D38BD84}.Release|Any CPU.ActiveCfg = Release|Any CPU
		{16640647-FC5A-4F96-94BA-6E8B7D38BD84}.Release|Any CPU.Build.0 = Release|Any CPU
		{A1D47611-C6E9-4F94-BF0B-25319AAEDF8F}.Debug|Any CPU.ActiveCfg = Debug|Any CPU
		{A1D47611-C6E9-4F94-BF0B-25319AAEDF8F}.Debug|Any CPU.Build.0 = Debug|Any CPU
		{A1D47611-C6E9-4F94-BF0B-25319AAEDF8F}.Release|Any CPU.ActiveCfg = Release|Any CPU
		{A1D47611-C6E9-4F94-BF0B-25319AAEDF8F}.Release|Any CPU.Build.0 = Release|Any CPU
		{6DCD9770-B5D4-4826-AFBC-862C2AA1CB5F}.Debug|Any CPU.ActiveCfg = Debug|Any CPU
		{6DCD9770-B5D4-4826-AFBC-862C2AA1CB5F}.Debug|Any CPU.Build.0 = Debug|Any CPU
		{6DCD9770-B5D4-4826-AFBC-862C2AA1CB5F}.Release|Any CPU.ActiveCfg = Release|Any CPU
		{6DCD9770-B5D4-4826-AFBC-862C2AA1CB5F}.Release|Any CPU.Build.0 = Release|Any CPU
		{AC2D77EC-AAB1-49DA-B30A-F395B91842E7}.Debug|Any CPU.ActiveCfg = Debug|Any CPU
		{AC2D77EC-AAB1-49DA-B30A-F395B91842E7}.Debug|Any CPU.Build.0 = Debug|Any CPU
		{AC2D77EC-AAB1-49DA-B30A-F395B91842E7}.Release|Any CPU.ActiveCfg = Release|Any CPU
		{AC2D77EC-AAB1-49DA-B30A-F395B91842E7}.Release|Any CPU.Build.0 = Release|Any CPU
	EndGlobalSection
	GlobalSection(SolutionProperties) = preSolution
		HideSolutionNode = FALSE
	EndGlobalSection
	GlobalSection(ExtensibilityGlobals) = postSolution
		SolutionGuid = {35F085BA-A084-4EC6-AF88-F4DD2AEF36A0}
	EndGlobalSection
EndGlobal
