
Microsoft Visual Studio Solution File, Format Version 12.00
# Visual Studio 15
VisualStudioVersion = 15.0.27004.2009
MinimumVisualStudioVersion = 10.0.40219.1
Project("{FAE04EC0-301F-11D3-BF4B-00C04F79EFBC}") = "01 _ Merlah Shake", "01 _ Merlah Shake\01 _ Merlah Shake.csproj", "{BB51C9C3-2304-4CD7-9E23-7544303A2B26}"
EndProject
Project("{FAE04EC0-301F-11D3-BF4B-00C04F79EFBC}") = "02 _ Decimal to N", "02 _ Decimal to N\02 _ Decimal to N.csproj", "{E4C7D14F-D643-4E14-B5D0-033F0CB7EB82}"
EndProject
Project("{FAE04EC0-301F-11D3-BF4B-00C04F79EFBC}") = "03 _ ReverseMethod", "03 _ ReverseMethod\03 _ ReverseMethod.csproj", "{F9B59B01-148D-44EC-9F6F-0DF3512EF77B}"
EndProject
Project("{FAE04EC0-301F-11D3-BF4B-00C04F79EFBC}") = "04 _ Unicode", "04 _ Unicode\04 _ Unicode.csproj", "{6A30FFC0-B04F-4756-A2BF-96E681C120FE}"
EndProject
Project("{FAE04EC0-301F-11D3-BF4B-00C04F79EFBC}") = "05 _ Palindrom", "05 _ Palindrom\05 _ Palindrom.csproj", "{C9F80240-0F65-48D3-88E4-8C525BDEE55B}"
EndProject
Project("{FAE04EC0-301F-11D3-BF4B-00C04F79EFBC}") = "06 _ NumsAndLettersCalc", "06 _ NumsAndLettersCalc\06 _ NumsAndLettersCalc.csproj", "{A725E3F6-085D-45A1-A98B-7FB4BAF6D259}"
EndProject
Project("{FAE04EC0-301F-11D3-BF4B-00C04F79EFBC}") = "07 _ SumAndMultiplyStringNums", "07 _ SumAndMultiplyStringNums\07 _ SumAndMultiplyStringNums.csproj", "{C11B921B-9673-422F-8E7B-B8BE5E50EDE0}"
EndProject
Global
	GlobalSection(SolutionConfigurationPlatforms) = preSolution
		Debug|Any CPU = Debug|Any CPU
		Release|Any CPU = Release|Any CPU
	EndGlobalSection
	GlobalSection(ProjectConfigurationPlatforms) = postSolution
		{BB51C9C3-2304-4CD7-9E23-7544303A2B26}.Debug|Any CPU.ActiveCfg = Debug|Any CPU
		{BB51C9C3-2304-4CD7-9E23-7544303A2B26}.Debug|Any CPU.Build.0 = Debug|Any CPU
		{BB51C9C3-2304-4CD7-9E23-7544303A2B26}.Release|Any CPU.ActiveCfg = Release|Any CPU
		{BB51C9C3-2304-4CD7-9E23-7544303A2B26}.Release|Any CPU.Build.0 = Release|Any CPU
		{E4C7D14F-D643-4E14-B5D0-033F0CB7EB82}.Debug|Any CPU.ActiveCfg = Debug|Any CPU
		{E4C7D14F-D643-4E14-B5D0-033F0CB7EB82}.Debug|Any CPU.Build.0 = Debug|Any CPU
		{E4C7D14F-D643-4E14-B5D0-033F0CB7EB82}.Release|Any CPU.ActiveCfg = Release|Any CPU
		{E4C7D14F-D643-4E14-B5D0-033F0CB7EB82}.Release|Any CPU.Build.0 = Release|Any CPU
		{F9B59B01-148D-44EC-9F6F-0DF3512EF77B}.Debug|Any CPU.ActiveCfg = Debug|Any CPU
		{F9B59B01-148D-44EC-9F6F-0DF3512EF77B}.Debug|Any CPU.Build.0 = Debug|Any CPU
		{F9B59B01-148D-44EC-9F6F-0DF3512EF77B}.Release|Any CPU.ActiveCfg = Release|Any CPU
		{F9B59B01-148D-44EC-9F6F-0DF3512EF77B}.Release|Any CPU.Build.0 = Release|Any CPU
		{6A30FFC0-B04F-4756-A2BF-96E681C120FE}.Debug|Any CPU.ActiveCfg = Debug|Any CPU
		{6A30FFC0-B04F-4756-A2BF-96E681C120FE}.Debug|Any CPU.Build.0 = Debug|Any CPU
		{6A30FFC0-B04F-4756-A2BF-96E681C120FE}.Release|Any CPU.ActiveCfg = Release|Any CPU
		{6A30FFC0-B04F-4756-A2BF-96E681C120FE}.Release|Any CPU.Build.0 = Release|Any CPU
		{C9F80240-0F65-48D3-88E4-8C525BDEE55B}.Debug|Any CPU.ActiveCfg = Debug|Any CPU
		{C9F80240-0F65-48D3-88E4-8C525BDEE55B}.Debug|Any CPU.Build.0 = Debug|Any CPU
		{C9F80240-0F65-48D3-88E4-8C525BDEE55B}.Release|Any CPU.ActiveCfg = Release|Any CPU
		{C9F80240-0F65-48D3-88E4-8C525BDEE55B}.Release|Any CPU.Build.0 = Release|Any CPU
		{A725E3F6-085D-45A1-A98B-7FB4BAF6D259}.Debug|Any CPU.ActiveCfg = Debug|Any CPU
		{A725E3F6-085D-45A1-A98B-7FB4BAF6D259}.Debug|Any CPU.Build.0 = Debug|Any CPU
		{A725E3F6-085D-45A1-A98B-7FB4BAF6D259}.Release|Any CPU.ActiveCfg = Release|Any CPU
		{A725E3F6-085D-45A1-A98B-7FB4BAF6D259}.Release|Any CPU.Build.0 = Release|Any CPU
		{C11B921B-9673-422F-8E7B-B8BE5E50EDE0}.Debug|Any CPU.ActiveCfg = Debug|Any CPU
		{C11B921B-9673-422F-8E7B-B8BE5E50EDE0}.Debug|Any CPU.Build.0 = Debug|Any CPU
		{C11B921B-9673-422F-8E7B-B8BE5E50EDE0}.Release|Any CPU.ActiveCfg = Release|Any CPU
		{C11B921B-9673-422F-8E7B-B8BE5E50EDE0}.Release|Any CPU.Build.0 = Release|Any CPU
	EndGlobalSection
	GlobalSection(SolutionProperties) = preSolution
		HideSolutionNode = FALSE
	EndGlobalSection
	GlobalSection(ExtensibilityGlobals) = postSolution
		SolutionGuid = {1659E9F2-07F0-4468-83FB-D9AC94796E59}
	EndGlobalSection
EndGlobal
